
Microsoft Visual Studio Solution File, Format Version 12.00
# Visual Studio 15
VisualStudioVersion = 15.0.27004.2005
MinimumVisualStudioVersion = 10.0.40219.1
Project("{FAE04EC0-301F-11D3-BF4B-00C04F79EFBC}") = "SingletonDP", "SingletonDP\SingletonDP.csproj", "{515B6C76-8B0D-4D31-BC6E-CD62CC92033D}"
EndProject
Global
	GlobalSection(SolutionConfigurationPlatforms) = preSolution
		Debug|Any CPU = Debug|Any CPU
		Release|Any CPU = Release|Any CPU
	EndGlobalSection
	GlobalSection(ProjectConfigurationPlatforms) = postSolution
		{515B6C76-8B0D-4D31-BC6E-CD62CC92033D}.Debug|Any CPU.ActiveCfg = Debug|Any CPU
		{515B6C76-8B0D-4D31-BC6E-CD62CC92033D}.Debug|Any CPU.Build.0 = Debug|Any CPU
		{515B6C76-8B0D-4D31-BC6E-CD62CC92033D}.Release|Any CPU.ActiveCfg = Release|Any CPU
		{515B6C76-8B0D-4D31-BC6E-CD62CC92033D}.Release|Any CPU.Build.0 = Release|Any CPU
	EndGlobalSection
	GlobalSection(SolutionProperties) = preSolution
		HideSolutionNode = FALSE
	EndGlobalSection
	GlobalSection(ExtensibilityGlobals) = postSolution
		SolutionGuid = {E08FE462-5129-4780-8274-C3D1127A936B}
	EndGlobalSection
EndGlobal
